// !$*UTF8*$!
{
	archiveVersion = 1;
	classes = {
	};
	objectVersion = 56;
	objects = {

/* Begin PBXBuildFile section */
		A71C2B8D2CC7461B00C7143D /* APP1_ChatApp.swift in Sources */ = {isa = PBXBuildFile; fileRef = A71C2B8C2CC7461B00C7143D /* APP1_ChatApp.swift */; };
		A71C2B8F2CC7461B00C7143D /* ContentView.swift in Sources */ = {isa = PBXBuildFile; fileRef = A71C2B8E2CC7461B00C7143D /* ContentView.swift */; };
		A71C2B912CC7462300C7143D /* Assets.xcassets in Resources */ = {isa = PBXBuildFile; fileRef = A71C2B902CC7462300C7143D /* Assets.xcassets */; };
		A71C2B942CC7462300C7143D /* Preview Assets.xcassets in Resources */ = {isa = PBXBuildFile; fileRef = A71C2B932CC7462300C7143D /* Preview Assets.xcassets */; };
		A71C2B9E2CC7462400C7143D /* APP1_ChatTests.swift in Sources */ = {isa = PBXBuildFile; fileRef = A71C2B9D2CC7462400C7143D /* APP1_ChatTests.swift */; };
		A71C2BA82CC7462400C7143D /* APP1_ChatUITests.swift in Sources */ = {isa = PBXBuildFile; fileRef = A71C2BA72CC7462400C7143D /* APP1_ChatUITests.swift */; };
		A71C2BAA2CC7462400C7143D /* APP1_ChatUITestsLaunchTests.swift in Sources */ = {isa = PBXBuildFile; fileRef = A71C2BA92CC7462400C7143D /* APP1_ChatUITestsLaunchTests.swift */; };
/* End PBXBuildFile section */

/* Begin PBXContainerItemProxy section */
		A71C2B9A2CC7462400C7143D /* PBXContainerItemProxy */ = {
			isa = PBXContainerItemProxy;
			containerPortal = A71C2B812CC7461B00C7143D /* Project object */;
			proxyType = 1;
			remoteGlobalIDString = A71C2B882CC7461B00C7143D;
			remoteInfo = APP1_Chat;
		};
		A71C2BA42CC7462400C7143D /* PBXContainerItemProxy */ = {
			isa = PBXContainerItemProxy;
			containerPortal = A71C2B812CC7461B00C7143D /* Project object */;
			proxyType = 1;
			remoteGlobalIDString = A71C2B882CC7461B00C7143D;
			remoteInfo = APP1_Chat;
		};
/* End PBXContainerItemProxy section */

/* Begin PBXFileReference section */
		A71C2B892CC7461B00C7143D /* APP1_Chat.app */ = {isa = PBXFileReference; explicitFileType = wrapper.application; includeInIndex = 0; path = APP1_Chat.app; sourceTree = BUILT_PRODUCTS_DIR; };
		A71C2B8C2CC7461B00C7143D /* APP1_ChatApp.swift */ = {isa = PBXFileReference; lastKnownFileType = sourcecode.swift; path = APP1_ChatApp.swift; sourceTree = "<group>"; };
		A71C2B8E2CC7461B00C7143D /* ContentView.swift */ = {isa = PBXFileReference; lastKnownFileType = sourcecode.swift; path = ContentView.swift; sourceTree = "<group>"; };
		A71C2B902CC7462300C7143D /* Assets.xcassets */ = {isa = PBXFileReference; lastKnownFileType = folder.assetcatalog; path = Assets.xcassets; sourceTree = "<group>"; };
		A71C2B932CC7462300C7143D /* Preview Assets.xcassets */ = {isa = PBXFileReference; lastKnownFileType = folder.assetcatalog; path = "Preview Assets.xcassets"; sourceTree = "<group>"; };
		A71C2B992CC7462400C7143D /* APP1_ChatTests.xctest */ = {isa = PBXFileReference; explicitFileType = wrapper.cfbundle; includeInIndex = 0; path = APP1_ChatTests.xctest; sourceTree = BUILT_PRODUCTS_DIR; };
		A71C2B9D2CC7462400C7143D /* APP1_ChatTests.swift */ = {isa = PBXFileReference; lastKnownFileType = sourcecode.swift; path = APP1_ChatTests.swift; sourceTree = "<group>"; };
		A71C2BA32CC7462400C7143D /* APP1_ChatUITests.xctest */ = {isa = PBXFileReference; explicitFileType = wrapper.cfbundle; includeInIndex = 0; path = APP1_ChatUITests.xctest; sourceTree = BUILT_PRODUCTS_DIR; };
		A71C2BA72CC7462400C7143D /* APP1_ChatUITests.swift */ = {isa = PBXFileReference; lastKnownFileType = sourcecode.swift; path = APP1_ChatUITests.swift; sourceTree = "<group>"; };
		A71C2BA92CC7462400C7143D /* APP1_ChatUITestsLaunchTests.swift */ = {isa = PBXFileReference; lastKnownFileType = sourcecode.swift; path = APP1_ChatUITestsLaunchTests.swift; sourceTree = "<group>"; };
/* End PBXFileReference section */

/* Begin PBXFrameworksBuildPhase section */
		A71C2B862CC7461B00C7143D /* Frameworks */ = {
			isa = PBXFrameworksBuildPhase;
			buildActionMask = 2147483647;
			files = (
			);
			runOnlyForDeploymentPostprocessing = 0;
		};
		A71C2B962CC7462400C7143D /* Frameworks */ = {
			isa = PBXFrameworksBuildPhase;
			buildActionMask = 2147483647;
			files = (
			);
			runOnlyForDeploymentPostprocessing = 0;
		};
		A71C2BA02CC7462400C7143D /* Frameworks */ = {
			isa = PBXFrameworksBuildPhase;
			buildActionMask = 2147483647;
			files = (
			);
			runOnlyForDeploymentPostprocessing = 0;
		};
/* End PBXFrameworksBuildPhase section */

/* Begin PBXGroup section */
		A71C2B802CC7461B00C7143D = {
			isa = PBXGroup;
			children = (
				A71C2B8B2CC7461B00C7143D /* APP1_Chat */,
				A71C2B9C2CC7462400C7143D /* APP1_ChatTests */,
				A71C2BA62CC7462400C7143D /* APP1_ChatUITests */,
				A71C2B8A2CC7461B00C7143D /* Products */,
			);
			sourceTree = "<group>";
		};
		A71C2B8A2CC7461B00C7143D /* Products */ = {
			isa = PBXGroup;
			children = (
				A71C2B892CC7461B00C7143D /* APP1_Chat.app */,
				A71C2B992CC7462400C7143D /* APP1_ChatTests.xctest */,
				A71C2BA32CC7462400C7143D /* APP1_ChatUITests.xctest */,
			);
			name = Products;
			sourceTree = "<group>";
		};
		A71C2B8B2CC7461B00C7143D /* APP1_Chat */ = {
			isa = PBXGroup;
			children = (
				A71C2B8C2CC7461B00C7143D /* APP1_ChatApp.swift */,
				A71C2B8E2CC7461B00C7143D /* ContentView.swift */,
				A71C2B902CC7462300C7143D /* Assets.xcassets */,
				A71C2B922CC7462300C7143D /* Preview Content */,
			);
			path = APP1_Chat;
			sourceTree = "<group>";
		};
		A71C2B922CC7462300C7143D /* Preview Content */ = {
			isa = PBXGroup;
			children = (
				A71C2B932CC7462300C7143D /* Preview Assets.xcassets */,
			);
			path = "Preview Content";
			sourceTree = "<group>";
		};
		A71C2B9C2CC7462400C7143D /* APP1_ChatTests */ = {
			isa = PBXGroup;
			children = (
				A71C2B9D2CC7462400C7143D /* APP1_ChatTests.swift */,
			);
			path = APP1_ChatTests;
			sourceTree = "<group>";
		};
		A71C2BA62CC7462400C7143D /* APP1_ChatUITests */ = {
			isa = PBXGroup;
			children = (
				A71C2BA72CC7462400C7143D /* APP1_ChatUITests.swift */,
				A71C2BA92CC7462400C7143D /* APP1_ChatUITestsLaunchTests.swift */,
			);
			path = APP1_ChatUITests;
			sourceTree = "<group>";
		};
/* End PBXGroup section */

/* Begin PBXNativeTarget section */
		A71C2B882CC7461B00C7143D /* APP1_Chat */ = {
			isa = PBXNativeTarget;
			buildConfigurationList = A71C2BAD2CC7462400C7143D /* Build configuration list for PBXNativeTarget "APP1_Chat" */;
			buildPhases = (
				A71C2B852CC7461B00C7143D /* Sources */,
				A71C2B862CC7461B00C7143D /* Frameworks */,
				A71C2B872CC7461B00C7143D /* Resources */,
			);
			buildRules = (
			);
			dependencies = (
			);
			name = APP1_Chat;
			productName = APP1_Chat;
			productReference = A71C2B892CC7461B00C7143D /* APP1_Chat.app */;
			productType = "com.apple.product-type.application";
		};
		A71C2B982CC7462400C7143D /* APP1_ChatTests */ = {
			isa = PBXNativeTarget;
			buildConfigurationList = A71C2BB02CC7462400C7143D /* Build configuration list for PBXNativeTarget "APP1_ChatTests" */;
			buildPhases = (
				A71C2B952CC7462400C7143D /* Sources */,
				A71C2B962CC7462400C7143D /* Frameworks */,
				A71C2B972CC7462400C7143D /* Resources */,
			);
			buildRules = (
			);
			dependencies = (
				A71C2B9B2CC7462400C7143D /* PBXTargetDependency */,
			);
			name = APP1_ChatTests;
			productName = APP1_ChatTests;
			productReference = A71C2B992CC7462400C7143D /* APP1_ChatTests.xctest */;
			productType = "com.apple.product-type.bundle.unit-test";
		};
		A71C2BA22CC7462400C7143D /* APP1_ChatUITests */ = {
			isa = PBXNativeTarget;
			buildConfigurationList = A71C2BB32CC7462400C7143D /* Build configuration list for PBXNativeTarget "APP1_ChatUITests" */;
			buildPhases = (
				A71C2B9F2CC7462400C7143D /* Sources */,
				A71C2BA02CC7462400C7143D /* Frameworks */,
				A71C2BA12CC7462400C7143D /* Resources */,
			);
			buildRules = (
			);
			dependencies = (
				A71C2BA52CC7462400C7143D /* PBXTargetDependency */,
			);
			name = APP1_ChatUITests;
			productName = APP1_ChatUITests;
			productReference = A71C2BA32CC7462400C7143D /* APP1_ChatUITests.xctest */;
			productType = "com.apple.product-type.bundle.ui-testing";
		};
/* End PBXNativeTarget section */

/* Begin PBXProject section */
		A71C2B812CC7461B00C7143D /* Project object */ = {
			isa = PBXProject;
			attributes = {
				BuildIndependentTargetsInParallel = 1;
				LastSwiftUpdateCheck = 1520;
				LastUpgradeCheck = 1520;
				TargetAttributes = {
					A71C2B882CC7461B00C7143D = {
						CreatedOnToolsVersion = 15.2;
					};
					A71C2B982CC7462400C7143D = {
						CreatedOnToolsVersion = 15.2;
						TestTargetID = A71C2B882CC7461B00C7143D;
					};
					A71C2BA22CC7462400C7143D = {
						CreatedOnToolsVersion = 15.2;
						TestTargetID = A71C2B882CC7461B00C7143D;
					};
				};
			};
			buildConfigurationList = A71C2B842CC7461B00C7143D /* Build configuration list for PBXProject "APP1_Chat" */;
			compatibilityVersion = "Xcode 14.0";
			developmentRegion = en;
			hasScannedForEncodings = 0;
			knownRegions = (
				en,
				Base,
			);
			mainGroup = A71C2B802CC7461B00C7143D;
			productRefGroup = A71C2B8A2CC7461B00C7143D /* Products */;
			projectDirPath = "";
			projectRoot = "";
			targets = (
				A71C2B882CC7461B00C7143D /* APP1_Chat */,
				A71C2B982CC7462400C7143D /* APP1_ChatTests */,
				A71C2BA22CC7462400C7143D /* APP1_ChatUITests */,
			);
		};
/* End PBXProject section */

/* Begin PBXResourcesBuildPhase section */
		A71C2B872CC7461B00C7143D /* Resources */ = {
			isa = PBXResourcesBuildPhase;
			buildActionMask = 2147483647;
			files = (
				A71C2B942CC7462300C7143D /* Preview Assets.xcassets in Resources */,
				A71C2B912CC7462300C7143D /* Assets.xcassets in Resources */,
			);
			runOnlyForDeploymentPostprocessing = 0;
		};
		A71C2B972CC7462400C7143D /* Resources */ = {
			isa = PBXResourcesBuildPhase;
			buildActionMask = 2147483647;
			files = (
			);
			runOnlyForDeploymentPostprocessing = 0;
		};
		A71C2BA12CC7462400C7143D /* Resources */ = {
			isa = PBXResourcesBuildPhase;
			buildActionMask = 2147483647;
			files = (
			);
			runOnlyForDeploymentPostprocessing = 0;
		};
/* End PBXResourcesBuildPhase section */

/* Begin PBXSourcesBuildPhase section */
		A71C2B852CC7461B00C7143D /* Sources */ = {
			isa = PBXSourcesBuildPhase;
			buildActionMask = 2147483647;
			files = (
				A71C2B8F2CC7461B00C7143D /* ContentView.swift in Sources */,
				A71C2B8D2CC7461B00C7143D /* APP1_ChatApp.swift in Sources */,
			);
			runOnlyForDeploymentPostprocessing = 0;
		};
		A71C2B952CC7462400C7143D /* Sources */ = {
			isa = PBXSourcesBuildPhase;
			buildActionMask = 2147483647;
			files = (
				A71C2B9E2CC7462400C7143D /* APP1_ChatTests.swift in Sources */,
			);
			runOnlyForDeploymentPostprocessing = 0;
		};
		A71C2B9F2CC7462400C7143D /* Sources */ = {
			isa = PBXSourcesBuildPhase;
			buildActionMask = 2147483647;
			files = (
				A71C2BAA2CC7462400C7143D /* APP1_ChatUITestsLaunchTests.swift in Sources */,
				A71C2BA82CC7462400C7143D /* APP1_ChatUITests.swift in Sources */,
			);
			runOnlyForDeploymentPostprocessing = 0;
		};
/* End PBXSourcesBuildPhase section */

/* Begin PBXTargetDependency section */
		A71C2B9B2CC7462400C7143D /* PBXTargetDependency */ = {
			isa = PBXTargetDependency;
			target = A71C2B882CC7461B00C7143D /* APP1_Chat */;
			targetProxy = A71C2B9A2CC7462400C7143D /* PBXContainerItemProxy */;
		};
		A71C2BA52CC7462400C7143D /* PBXTargetDependency */ = {
			isa = PBXTargetDependency;
			target = A71C2B882CC7461B00C7143D /* APP1_Chat */;
			targetProxy = A71C2BA42CC7462400C7143D /* PBXContainerItemProxy */;
		};
/* End PBXTargetDependency section */

/* Begin XCBuildConfiguration section */
		A71C2BAB2CC7462400C7143D /* Debug */ = {
			isa = XCBuildConfiguration;
			buildSettings = {
				ALWAYS_SEARCH_USER_PATHS = NO;
				ASSETCATALOG_COMPILER_GENERATE_SWIFT_ASSET_SYMBOL_EXTENSIONS = YES;
				CLANG_ANALYZER_NONNULL = YES;
				CLANG_ANALYZER_NUMBER_OBJECT_CONVERSION = YES_AGGRESSIVE;
				CLANG_CXX_LANGUAGE_STANDARD = "gnu++20";
				CLANG_ENABLE_MODULES = YES;
				CLANG_ENABLE_OBJC_ARC = YES;
				CLANG_ENABLE_OBJC_WEAK = YES;
				CLANG_WARN_BLOCK_CAPTURE_AUTORELEASING = YES;
				CLANG_WARN_BOOL_CONVERSION = YES;
				CLANG_WARN_COMMA = YES;
				CLANG_WARN_CONSTANT_CONVERSION = YES;
				CLANG_WARN_DEPRECATED_OBJC_IMPLEMENTATIONS = YES;
				CLANG_WARN_DIRECT_OBJC_ISA_USAGE = YES_ERROR;
				CLANG_WARN_DOCUMENTATION_COMMENTS = YES;
				CLANG_WARN_EMPTY_BODY = YES;
				CLANG_WARN_ENUM_CONVERSION = YES;
				CLANG_WARN_INFINITE_RECURSION = YES;
				CLANG_WARN_INT_CONVERSION = YES;
				CLANG_WARN_NON_LITERAL_NULL_CONVERSION = YES;
				CLANG_WARN_OBJC_IMPLICIT_RETAIN_SELF = YES;
				CLANG_WARN_OBJC_LITERAL_CONVERSION = YES;
				CLANG_WARN_OBJC_ROOT_CLASS = YES_ERROR;
				CLANG_WARN_QUOTED_INCLUDE_IN_FRAMEWORK_HEADER = YES;
				CLANG_WARN_RANGE_LOOP_ANALYSIS = YES;
				CLANG_WARN_STRICT_PROTOTYPES = YES;
				CLANG_WARN_SUSPICIOUS_MOVE = YES;
				CLANG_WARN_UNGUARDED_AVAILABILITY = YES_AGGRESSIVE;
				CLANG_WARN_UNREACHABLE_CODE = YES;
				CLANG_WARN__DUPLICATE_METHOD_MATCH = YES;
				COPY_PHASE_STRIP = NO;
				DEBUG_INFORMATION_FORMAT = dwarf;
				ENABLE_STRICT_OBJC_MSGSEND = YES;
				ENABLE_TESTABILITY = YES;
				ENABLE_USER_SCRIPT_SANDBOXING = YES;
				GCC_C_LANGUAGE_STANDARD = gnu17;
				GCC_DYNAMIC_NO_PIC = NO;
				GCC_NO_COMMON_BLOCKS = YES;
				GCC_OPTIMIZATION_LEVEL = 0;
				GCC_PREPROCESSOR_DEFINITIONS = (
					"DEBUG=1",
					"$(inherited)",
				);
				GCC_WARN_64_TO_32_BIT_CONVERSION = YES;
				GCC_WARN_ABOUT_RETURN_TYPE = YES_ERROR;
				GCC_WARN_UNDECLARED_SELECTOR = YES;
				GCC_WARN_UNINITIALIZED_AUTOS = YES_AGGRESSIVE;
				GCC_WARN_UNUSED_FUNCTION = YES;
				GCC_WARN_UNUSED_VARIABLE = YES;
				IPHONEOS_DEPLOYMENT_TARGET = 17.2;
				LOCALIZATION_PREFERS_STRING_CATALOGS = YES;
				MTL_ENABLE_DEBUG_INFO = INCLUDE_SOURCE;
				MTL_FAST_MATH = YES;
				ONLY_ACTIVE_ARCH = YES;
				SDKROOT = iphoneos;
				SWIFT_ACTIVE_COMPILATION_CONDITIONS = "DEBUG $(inherited)";
				SWIFT_OPTIMIZATION_LEVEL = "-Onone";
			};
			name = Debug;
		};
		A71C2BAC2CC7462400C7143D /* Release */ = {
			isa = XCBuildConfiguration;
			buildSettings = {
				ALWAYS_SEARCH_USER_PATHS = NO;
				ASSETCATALOG_COMPILER_GENERATE_SWIFT_ASSET_SYMBOL_EXTENSIONS = YES;
				CLANG_ANALYZER_NONNULL = YES;
				CLANG_ANALYZER_NUMBER_OBJECT_CONVERSION = YES_AGGRESSIVE;
				CLANG_CXX_LANGUAGE_STANDARD = "gnu++20";
				CLANG_ENABLE_MODULES = YES;
				CLANG_ENABLE_OBJC_ARC = YES;
				CLANG_ENABLE_OBJC_WEAK = YES;
				CLANG_WARN_BLOCK_CAPTURE_AUTORELEASING = YES;
				CLANG_WARN_BOOL_CONVERSION = YES;
				CLANG_WARN_COMMA = YES;
				CLANG_WARN_CONSTANT_CONVERSION = YES;
				CLANG_WARN_DEPRECATED_OBJC_IMPLEMENTATIONS = YES;
				CLANG_WARN_DIRECT_OBJC_ISA_USAGE = YES_ERROR;
				CLANG_WARN_DOCUMENTATION_COMMENTS = YES;
				CLANG_WARN_EMPTY_BODY = YES;
				CLANG_WARN_ENUM_CONVERSION = YES;
				CLANG_WARN_INFINITE_RECURSION = YES;
				CLANG_WARN_INT_CONVERSION = YES;
				CLANG_WARN_NON_LITERAL_NULL_CONVERSION = YES;
				CLANG_WARN_OBJC_IMPLICIT_RETAIN_SELF = YES;
				CLANG_WARN_OBJC_LITERAL_CONVERSION = YES;
				CLANG_WARN_OBJC_ROOT_CLASS = YES_ERROR;
				CLANG_WARN_QUOTED_INCLUDE_IN_FRAMEWORK_HEADER = YES;
				CLANG_WARN_RANGE_LOOP_ANALYSIS = YES;
				CLANG_WARN_STRICT_PROTOTYPES = YES;
				CLANG_WARN_SUSPICIOUS_MOVE = YES;
				CLANG_WARN_UNGUARDED_AVAILABILITY = YES_AGGRESSIVE;
				CLANG_WARN_UNREACHABLE_CODE = YES;
				CLANG_WARN__DUPLICATE_METHOD_MATCH = YES;
				COPY_PHASE_STRIP = NO;
				DEBUG_INFORMATION_FORMAT = "dwarf-with-dsym";
				ENABLE_NS_ASSERTIONS = NO;
				ENABLE_STRICT_OBJC_MSGSEND = YES;
				ENABLE_USER_SCRIPT_SANDBOXING = YES;
				GCC_C_LANGUAGE_STANDARD = gnu17;
				GCC_NO_COMMON_BLOCKS = YES;
				GCC_WARN_64_TO_32_BIT_CONVERSION = YES;
				GCC_WARN_ABOUT_RETURN_TYPE = YES_ERROR;
				GCC_WARN_UNDECLARED_SELECTOR = YES;
				GCC_WARN_UNINITIALIZED_AUTOS = YES_AGGRESSIVE;
				GCC_WARN_UNUSED_FUNCTION = YES;
				GCC_WARN_UNUSED_VARIABLE = YES;
				IPHONEOS_DEPLOYMENT_TARGET = 17.2;
				LOCALIZATION_PREFERS_STRING_CATALOGS = YES;
				MTL_ENABLE_DEBUG_INFO = NO;
				MTL_FAST_MATH = YES;
				SDKROOT = iphoneos;
				SWIFT_COMPILATION_MODE = wholemodule;
				VALIDATE_PRODUCT = YES;
			};
			name = Release;
		};
		A71C2BAE2CC7462400C7143D /* Debug */ = {
			isa = XCBuildConfiguration;
			buildSettings = {
				ASSETCATALOG_COMPILER_APPICON_NAME = AppIcon;
				ASSETCATALOG_COMPILER_GLOBAL_ACCENT_COLOR_NAME = AccentColor;
				CODE_SIGN_STYLE = Automatic;
				CURRENT_PROJECT_VERSION = 1;
				DEVELOPMENT_ASSET_PATHS = "\"APP1_Chat/Preview Content\"";
				ENABLE_PREVIEWS = YES;
				GENERATE_INFOPLIST_FILE = YES;
				INFOPLIST_KEY_UIApplicationSceneManifest_Generation = YES;
				INFOPLIST_KEY_UIApplicationSupportsIndirectInputEvents = YES;
				INFOPLIST_KEY_UILaunchScreen_Generation = YES;
				INFOPLIST_KEY_UISupportedInterfaceOrientations_iPad = "UIInterfaceOrientationPortrait UIInterfaceOrientationPortraitUpsideDown UIInterfaceOrientationLandscapeLeft UIInterfaceOrientationLandscapeRight";
				INFOPLIST_KEY_UISupportedInterfaceOrientations_iPhone = "UIInterfaceOrientationPortrait UIInterfaceOrientationLandscapeLeft UIInterfaceOrientationLandscapeRight";
				LD_RUNPATH_SEARCH_PATHS = (
					"$(inherited)",
					"@executable_path/Frameworks",
				);
				MARKETING_VERSION = 1.0;
				PRODUCT_BUNDLE_IDENTIFIER = "name.Riboldi.APP1-Chat";
				PRODUCT_NAME = "$(TARGET_NAME)";
				SWIFT_EMIT_LOC_STRINGS = YES;
				SWIFT_VERSION = 5.0;
				TARGETED_DEVICE_FAMILY = "1,2";
			};
			name = Debug;
		};
		A71C2BAF2CC7462400C7143D /* Release */ = {
			isa = XCBuildConfiguration;
			buildSettings = {
				ASSETCATALOG_COMPILER_APPICON_NAME = AppIcon;
				ASSETCATALOG_COMPILER_GLOBAL_ACCENT_COLOR_NAME = AccentColor;
				CODE_SIGN_STYLE = Automatic;
				CURRENT_PROJECT_VERSION = 1;
				DEVELOPMENT_ASSET_PATHS = "\"APP1_Chat/Preview Content\"";
				ENABLE_PREVIEWS = YES;
				GENERATE_INFOPLIST_FILE = YES;
				INFOPLIST_KEY_UIApplicationSceneManifest_Generation = YES;
				INFOPLIST_KEY_UIApplicationSupportsIndirectInputEvents = YES;
				INFOPLIST_KEY_UILaunchScreen_Generation = YES;
				INFOPLIST_KEY_UISupportedInterfaceOrientations_iPad = "UIInterfaceOrientationPortrait UIInterfaceOrientationPortraitUpsideDown UIInterfaceOrientationLandscapeLeft UIInterfaceOrientationLandscapeRight";
				INFOPLIST_KEY_UISupportedInterfaceOrientations_iPhone = "UIInterfaceOrientationPortrait UIInterfaceOrientationLandscapeLeft UIInterfaceOrientationLandscapeRight";
				LD_RUNPATH_SEARCH_PATHS = (
					"$(inherited)",
					"@executable_path/Frameworks",
				);
				MARKETING_VERSION = 1.0;
				PRODUCT_BUNDLE_IDENTIFIER = "name.Riboldi.APP1-Chat";
				PRODUCT_NAME = "$(TARGET_NAME)";
				SWIFT_EMIT_LOC_STRINGS = YES;
				SWIFT_VERSION = 5.0;
				TARGETED_DEVICE_FAMILY = "1,2";
			};
			name = Release;
		};
		A71C2BB12CC7462400C7143D /* Debug */ = {
			isa = XCBuildConfiguration;
			buildSettings = {
				ALWAYS_EMBED_SWIFT_STANDARD_LIBRARIES = YES;
				BUNDLE_LOADER = "$(TEST_HOST)";
				CODE_SIGN_STYLE = Automatic;
				CURRENT_PROJECT_VERSION = 1;
				GENERATE_INFOPLIST_FILE = YES;
				IPHONEOS_DEPLOYMENT_TARGET = 17.2;
				MARKETING_VERSION = 1.0;
				PRODUCT_BUNDLE_IDENTIFIER = "name.Riboldi.APP1-ChatTests";
				PRODUCT_NAME = "$(TARGET_NAME)";
				SWIFT_EMIT_LOC_STRINGS = NO;
				SWIFT_VERSION = 5.0;
				TARGETED_DEVICE_FAMILY = "1,2";
				TEST_HOST = "$(BUILT_PRODUCTS_DIR)/APP1_Chat.app/$(BUNDLE_EXECUTABLE_FOLDER_PATH)/APP1_Chat";
			};
			name = Debug;
		};
		A71C2BB22CC7462400C7143D /* Release */ = {
			isa = XCBuildConfiguration;
			buildSettings = {
				ALWAYS_EMBED_SWIFT_STANDARD_LIBRARIES = YES;
				BUNDLE_LOADER = "$(TEST_HOST)";
				CODE_SIGN_STYLE = Automatic;
				CURRENT_PROJECT_VERSION = 1;
				GENERATE_INFOPLIST_FILE = YES;
				IPHONEOS_DEPLOYMENT_TARGET = 17.2;
				MARKETING_VERSION = 1.0;
				PRODUCT_BUNDLE_IDENTIFIER = "name.Riboldi.APP1-ChatTests";
				PRODUCT_NAME = "$(TARGET_NAME)";
				SWIFT_EMIT_LOC_STRINGS = NO;
				SWIFT_VERSION = 5.0;
				TARGETED_DEVICE_FAMILY = "1,2";
				TEST_HOST = "$(BUILT_PRODUCTS_DIR)/APP1_Chat.app/$(BUNDLE_EXECUTABLE_FOLDER_PATH)/APP1_Chat";
			};
			name = Release;
		};
		A71C2BB42CC7462400C7143D /* Debug */ = {
			isa = XCBuildConfiguration;
			buildSettings = {
				ALWAYS_EMBED_SWIFT_STANDARD_LIBRARIES = YES;
				CODE_SIGN_STYLE = Automatic;
				CURRENT_PROJECT_VERSION = 1;
				GENERATE_INFOPLIST_FILE = YES;
				MARKETING_VERSION = 1.0;
				PRODUCT_BUNDLE_IDENTIFIER = "name.Riboldi.APP1-ChatUITests";
				PRODUCT_NAME = "$(TARGET_NAME)";
				SWIFT_EMIT_LOC_STRINGS = NO;
				SWIFT_VERSION = 5.0;
				TARGETED_DEVICE_FAMILY = "1,2";
				TEST_TARGET_NAME = APP1_Chat;
			};
			name = Debug;
		};
		A71C2BB52CC7462400C7143D /* Release */ = {
			isa = XCBuildConfiguration;
			buildSettings = {
				ALWAYS_EMBED_SWIFT_STANDARD_LIBRARIES = YES;
				CODE_SIGN_STYLE = Automatic;
				CURRENT_PROJECT_VERSION = 1;
				GENERATE_INFOPLIST_FILE = YES;
				MARKETING_VERSION = 1.0;
				PRODUCT_BUNDLE_IDENTIFIER = "name.Riboldi.APP1-ChatUITests";
				PRODUCT_NAME = "$(TARGET_NAME)";
				SWIFT_EMIT_LOC_STRINGS = NO;
				SWIFT_VERSION = 5.0;
				TARGETED_DEVICE_FAMILY = "1,2";
				TEST_TARGET_NAME = APP1_Chat;
			};
			name = Release;
		};
/* End XCBuildConfiguration section */

/* Begin XCConfigurationList section */
		A71C2B842CC7461B00C7143D /* Build configuration list for PBXProject "APP1_Chat" */ = {
			isa = XCConfigurationList;
			buildConfigurations = (
				A71C2BAB2CC7462400C7143D /* Debug */,
				A71C2BAC2CC7462400C7143D /* Release */,
			);
			defaultConfigurationIsVisible = 0;
			defaultConfigurationName = Release;
		};
		A71C2BAD2CC7462400C7143D /* Build configuration list for PBXNativeTarget "APP1_Chat" */ = {
			isa = XCConfigurationList;
			buildConfigurations = (
				A71C2BAE2CC7462400C7143D /* Debug */,
				A71C2BAF2CC7462400C7143D /* Release */,
			);
			defaultConfigurationIsVisible = 0;
			defaultConfigurationName = Release;
		};
		A71C2BB02CC7462400C7143D /* Build configuration list for PBXNativeTarget "APP1_ChatTests" */ = {
			isa = XCConfigurationList;
			buildConfigurations = (
				A71C2BB12CC7462400C7143D /* Debug */,
				A71C2BB22CC7462400C7143D /* Release */,
			);
			defaultConfigurationIsVisible = 0;
			defaultConfigurationName = Release;
		};
		A71C2BB32CC7462400C7143D /* Build configuration list for PBXNativeTarget "APP1_ChatUITests" */ = {
			isa = XCConfigurationList;
			buildConfigurations = (
				A71C2BB42CC7462400C7143D /* Debug */,
				A71C2BB52CC7462400C7143D /* Release */,
			);
			defaultConfigurationIsVisible = 0;
			defaultConfigurationName = Release;
		};
/* End XCConfigurationList section */
	};
	rootObject = A71C2B812CC7461B00C7143D /* Project object */;
}
